
Microsoft Visual Studio Solution File, Format Version 12.00
# Visual Studio Version 16
VisualStudioVersion = 16.0.30413.136
MinimumVisualStudioVersion = 10.0.40219.1
Project("{9A19103F-16F7-4668-BE54-9A1E7A4F7556}") = "ConsoleApp1", "ConsoleApp1\ConsoleApp1.csproj", "{C7526CDC-57BD-47E6-AD69-4A7ED425B72B}"
EndProject
Global
	GlobalSection(SolutionConfigurationPlatforms) = preSolution
		Debug|Any CPU = Debug|Any CPU
		Release|Any CPU = Release|Any CPU
	EndGlobalSection
	GlobalSection(ProjectConfigurationPlatforms) = postSolution
		{C7526CDC-57BD-47E6-AD69-4A7ED425B72B}.Debug|Any CPU.ActiveCfg = Debug|Any CPU
		{C7526CDC-57BD-47E6-AD69-4A7ED425B72B}.Debug|Any CPU.Build.0 = Debug|Any CPU
		{C7526CDC-57BD-47E6-AD69-4A7ED425B72B}.Release|Any CPU.ActiveCfg = Release|Any CPU
		{C7526CDC-57BD-47E6-AD69-4A7ED425B72B}.Release|Any CPU.Build.0 = Release|Any CPU
	EndGlobalSection
	GlobalSection(SolutionProperties) = preSolution
		HideSolutionNode = FALSE
	EndGlobalSection
	GlobalSection(ExtensibilityGlobals) = postSolution
		SolutionGuid = {96251225-CF78-4B14-AFDB-8A92749D9E9A}
	EndGlobalSection
EndGlobal
